<Solution>
  <Project Path="Atividade1.ConsoleApp1/ListaDeExercicio.ConsoleApp1.csproj" />
  <Project Path="Atividade2.ConsoleApp1/Atividade2.ConsoleApp1.csproj" />
  <Project Path="Atividade3.ConsoleApp2/Atividade3.ConsoleApp2.csproj" />
  <Project Path="atividade4.ConsoleApp2/atividade4.ConsoleApp2.csproj" />
  <Project Path="atividade5.ConsoleApp2/atividade5.ConsoleApp2.csproj" />
  <Project Path="atividade6.ConsoleApp2/atividade6.ConsoleApp2.csproj" />
  <Project Path="Atividade7.ConsoleApp2/Atividade7.ConsoleApp2.csproj" />
  <Project Path="ConsoleApp1/ConsoleApp1.csproj" />
</Solution>
